
Microsoft Visual Studio Solution File, Format Version 12.00
# Visual Studio Version 17
VisualStudioVersion = 17.6.33801.468
MinimumVisualStudioVersion = 10.0.40219.1
Project("{FAE04EC0-301F-11D3-BF4B-00C04F79EFBC}") = "FoodShoppingWEBUI.Core", "FoodShoppingWEBUI.Core\FoodShoppingWEBUI.Core.csproj", "{48EABF1C-520D-49D1-9A6C-472137D61DB5}"
EndProject
Project("{FAE04EC0-301F-11D3-BF4B-00C04F79EFBC}") = "FoodShoppingWEBUI.Helper", "FoodShoppingWEBUI.Helper\FoodShoppingWEBUI.Helper.csproj", "{414BDE9A-B646-4AFD-91FA-63AAE4B49327}"
EndProject
Project("{FAE04EC0-301F-11D3-BF4B-00C04F79EFBC}") = "FoodShoppingWEBUI.WEBUI", "FoodShoppingWEBUI.WEBUI\FoodShoppingWEBUI.WEBUI.csproj", "{DE75324F-AA6F-421D-9016-503C8BEA1D22}"
EndProject
Global
	GlobalSection(SolutionConfigurationPlatforms) = preSolution
		Debug|Any CPU = Debug|Any CPU
		Release|Any CPU = Release|Any CPU
	EndGlobalSection
	GlobalSection(ProjectConfigurationPlatforms) = postSolution
		{48EABF1C-520D-49D1-9A6C-472137D61DB5}.Debug|Any CPU.ActiveCfg = Debug|Any CPU
		{48EABF1C-520D-49D1-9A6C-472137D61DB5}.Debug|Any CPU.Build.0 = Debug|Any CPU
		{48EABF1C-520D-49D1-9A6C-472137D61DB5}.Release|Any CPU.ActiveCfg = Release|Any CPU
		{48EABF1C-520D-49D1-9A6C-472137D61DB5}.Release|Any CPU.Build.0 = Release|Any CPU
		{414BDE9A-B646-4AFD-91FA-63AAE4B49327}.Debug|Any CPU.ActiveCfg = Debug|Any CPU
		{414BDE9A-B646-4AFD-91FA-63AAE4B49327}.Debug|Any CPU.Build.0 = Debug|Any CPU
		{414BDE9A-B646-4AFD-91FA-63AAE4B49327}.Release|Any CPU.ActiveCfg = Release|Any CPU
		{414BDE9A-B646-4AFD-91FA-63AAE4B49327}.Release|Any CPU.Build.0 = Release|Any CPU
		{DE75324F-AA6F-421D-9016-503C8BEA1D22}.Debug|Any CPU.ActiveCfg = Debug|Any CPU
		{DE75324F-AA6F-421D-9016-503C8BEA1D22}.Debug|Any CPU.Build.0 = Debug|Any CPU
		{DE75324F-AA6F-421D-9016-503C8BEA1D22}.Release|Any CPU.ActiveCfg = Release|Any CPU
		{DE75324F-AA6F-421D-9016-503C8BEA1D22}.Release|Any CPU.Build.0 = Release|Any CPU
	EndGlobalSection
	GlobalSection(SolutionProperties) = preSolution
		HideSolutionNode = FALSE
	EndGlobalSection
	GlobalSection(ExtensibilityGlobals) = postSolution
		SolutionGuid = {659A30F8-895C-4D1A-A8EA-C340F99FFB93}
	EndGlobalSection
EndGlobal
